
Microsoft Visual Studio Solution File, Format Version 10.00
# Visual Studio 2008
Project("{E24C65DC-7377-472B-9ABA-BC803B73C61A}") = "VirtualMart_Agent", ".", "{47B28342-5E2C-4A31-996D-04050B39674A}"
	ProjectSection(WebsiteProperties) = preProject
		TargetFramework = "3.5"
		Debug.AspNetCompiler.VirtualPath = "/VirtualMart_Agent"
		Debug.AspNetCompiler.PhysicalPath = "..\VirtualMart_Agent\"
		Debug.AspNetCompiler.TargetPath = "PrecompiledWeb\VirtualMart_Agent\"
		Debug.AspNetCompiler.Updateable = "true"
		Debug.AspNetCompiler.ForceOverwrite = "true"
		Debug.AspNetCompiler.FixedNames = "false"
		Debug.AspNetCompiler.Debug = "True"
		Release.AspNetCompiler.VirtualPath = "/VirtualMart_Agent"
		Release.AspNetCompiler.PhysicalPath = "..\VirtualMart_Agent\"
		Release.AspNetCompiler.TargetPath = "PrecompiledWeb\VirtualMart_Agent\"
		Release.AspNetCompiler.Updateable = "true"
		Release.AspNetCompiler.ForceOverwrite = "true"
		Release.AspNetCompiler.FixedNames = "false"
		Release.AspNetCompiler.Debug = "False"
		VWDPort = "56142"
	EndProjectSection
EndProject
Global
	GlobalSection(SolutionConfigurationPlatforms) = preSolution
		Debug|Any CPU = Debug|Any CPU
	EndGlobalSection
	GlobalSection(ProjectConfigurationPlatforms) = postSolution
		{47B28342-5E2C-4A31-996D-04050B39674A}.Debug|Any CPU.ActiveCfg = Debug|Any CPU
		{47B28342-5E2C-4A31-996D-04050B39674A}.Debug|Any CPU.Build.0 = Debug|Any CPU
	EndGlobalSection
	GlobalSection(SolutionProperties) = preSolution
		HideSolutionNode = FALSE
	EndGlobalSection
EndGlobal
