
Microsoft Visual Studio Solution File, Format Version 10.00
# Visual Studio 2008
Project("{E24C65DC-7377-472B-9ABA-BC803B73C61A}") = "BankPortal", ".", "{EA52858C-A534-4D1D-8B14-957148F2EDEE}"
	ProjectSection(WebsiteProperties) = preProject
		TargetFramework = "3.5"
		Debug.AspNetCompiler.VirtualPath = "/BankPortal"
		Debug.AspNetCompiler.PhysicalPath = "..\BankPortal\"
		Debug.AspNetCompiler.TargetPath = "PrecompiledWeb\BankPortal\"
		Debug.AspNetCompiler.Updateable = "true"
		Debug.AspNetCompiler.ForceOverwrite = "true"
		Debug.AspNetCompiler.FixedNames = "false"
		Debug.AspNetCompiler.Debug = "True"
		Release.AspNetCompiler.VirtualPath = "/BankPortal"
		Release.AspNetCompiler.PhysicalPath = "..\BankPortal\"
		Release.AspNetCompiler.TargetPath = "PrecompiledWeb\BankPortal\"
		Release.AspNetCompiler.Updateable = "true"
		Release.AspNetCompiler.ForceOverwrite = "true"
		Release.AspNetCompiler.FixedNames = "false"
		Release.AspNetCompiler.Debug = "False"
		VWDPort = "50919"
	EndProjectSection
EndProject
Global
	GlobalSection(SolutionConfigurationPlatforms) = preSolution
		Debug|Any CPU = Debug|Any CPU
	EndGlobalSection
	GlobalSection(ProjectConfigurationPlatforms) = postSolution
		{EA52858C-A534-4D1D-8B14-957148F2EDEE}.Debug|Any CPU.ActiveCfg = Debug|Any CPU
		{EA52858C-A534-4D1D-8B14-957148F2EDEE}.Debug|Any CPU.Build.0 = Debug|Any CPU
	EndGlobalSection
	GlobalSection(SolutionProperties) = preSolution
		HideSolutionNode = FALSE
	EndGlobalSection
EndGlobal
